
Microsoft Visual Studio Solution File, Format Version 12.00
# Visual Studio Version 16
VisualStudioVersion = 16.0.30225.117
MinimumVisualStudioVersion = 10.0.40219.1
Project("{FAE04EC0-301F-11D3-BF4B-00C04F79EFBC}") = "Renaming_Prog", "Renaming_Prog.csproj", "{97FD7896-6DD6-4BB7-8E2F-FE5BCC1B76D0}"
EndProject
Project("{2150E333-8FDC-42A3-9474-1A3956D46DE8}") = "Solution Items", "Solution Items", "{97F4E92F-AA69-4B20-A291-AB8662321CAC}"
	ProjectSection(SolutionItems) = preProject
		.editorconfig = .editorconfig
	EndProjectSection
EndProject
Global
	GlobalSection(SolutionConfigurationPlatforms) = preSolution
		Debug|Any CPU = Debug|Any CPU
		Release|Any CPU = Release|Any CPU
	EndGlobalSection
	GlobalSection(ProjectConfigurationPlatforms) = postSolution
		{97FD7896-6DD6-4BB7-8E2F-FE5BCC1B76D0}.Debug|Any CPU.ActiveCfg = Debug|Any CPU
		{97FD7896-6DD6-4BB7-8E2F-FE5BCC1B76D0}.Debug|Any CPU.Build.0 = Debug|Any CPU
		{97FD7896-6DD6-4BB7-8E2F-FE5BCC1B76D0}.Release|Any CPU.ActiveCfg = Release|Any CPU
		{97FD7896-6DD6-4BB7-8E2F-FE5BCC1B76D0}.Release|Any CPU.Build.0 = Release|Any CPU
	EndGlobalSection
	GlobalSection(SolutionProperties) = preSolution
		HideSolutionNode = FALSE
	EndGlobalSection
	GlobalSection(ExtensibilityGlobals) = postSolution
		SolutionGuid = {C7A2F293-A5B6-4616-B058-4B03F6032F71}
	EndGlobalSection
EndGlobal
